
Microsoft Visual Studio Solution File, Format Version 12.00
# Visual Studio Version 17
VisualStudioVersion = 17.9.34728.123
MinimumVisualStudioVersion = 10.0.40219.1
Project("{FAE04EC0-301F-11D3-BF4B-00C04F79EFBC}") = "IdentityProject_2", "IdentityProject_2\IdentityProject_2.csproj", "{4208628A-B6E2-4ECA-BE48-683B075A9DE2}"
EndProject
Global
	GlobalSection(SolutionConfigurationPlatforms) = preSolution
		Debug|Any CPU = Debug|Any CPU
		Release|Any CPU = Release|Any CPU
	EndGlobalSection
	GlobalSection(ProjectConfigurationPlatforms) = postSolution
		{4208628A-B6E2-4ECA-BE48-683B075A9DE2}.Debug|Any CPU.ActiveCfg = Debug|Any CPU
		{4208628A-B6E2-4ECA-BE48-683B075A9DE2}.Debug|Any CPU.Build.0 = Debug|Any CPU
		{4208628A-B6E2-4ECA-BE48-683B075A9DE2}.Release|Any CPU.ActiveCfg = Release|Any CPU
		{4208628A-B6E2-4ECA-BE48-683B075A9DE2}.Release|Any CPU.Build.0 = Release|Any CPU
	EndGlobalSection
	GlobalSection(SolutionProperties) = preSolution
		HideSolutionNode = FALSE
	EndGlobalSection
	GlobalSection(ExtensibilityGlobals) = postSolution
		SolutionGuid = {D295D949-6D0B-47A4-9899-8A5B91D9CAF1}
	EndGlobalSection
EndGlobal
